
Microsoft Visual Studio Solution File, Format Version 12.00
# Visual Studio Version 17
VisualStudioVersion = 17.9.34714.143
MinimumVisualStudioVersion = 10.0.40219.1
Project("{FAE04EC0-301F-11D3-BF4B-00C04F79EFBC}") = "AzureMessageQueueSample", "AzureMessageQueueSample.csproj", "{922DAB0A-7D91-40DA-9216-C82117244039}"
EndProject
Global
	GlobalSection(SolutionConfigurationPlatforms) = preSolution
		Debug|Any CPU = Debug|Any CPU
		Release|Any CPU = Release|Any CPU
	EndGlobalSection
	GlobalSection(ProjectConfigurationPlatforms) = postSolution
		{922DAB0A-7D91-40DA-9216-C82117244039}.Debug|Any CPU.ActiveCfg = Debug|Any CPU
		{922DAB0A-7D91-40DA-9216-C82117244039}.Debug|Any CPU.Build.0 = Debug|Any CPU
		{922DAB0A-7D91-40DA-9216-C82117244039}.Release|Any CPU.ActiveCfg = Release|Any CPU
		{922DAB0A-7D91-40DA-9216-C82117244039}.Release|Any CPU.Build.0 = Release|Any CPU
	EndGlobalSection
	GlobalSection(SolutionProperties) = preSolution
		HideSolutionNode = FALSE
	EndGlobalSection
	GlobalSection(ExtensibilityGlobals) = postSolution
		SolutionGuid = {960D2EDE-9734-423A-B304-606143F827B3}
	EndGlobalSection
EndGlobal
